// !$*UTF8*$!
{
	archiveVersion = 1;
	classes = {
	};
	objectVersion = 56;
	objects = {

/* Begin PBXBuildFile section */
		CB097B752A43A2AF0068E977 /* MapView.swift in Sources */ = {isa = PBXBuildFile; fileRef = CB097B742A43A2AF0068E977 /* MapView.swift */; };
		CB097B772A43A2BB0068E977 /* ChartsView.swift in Sources */ = {isa = PBXBuildFile; fileRef = CB097B762A43A2BB0068E977 /* ChartsView.swift */; };
		CB25F3552A1934B800D40E6E /* ForestFlowApp.swift in Sources */ = {isa = PBXBuildFile; fileRef = CB25F3542A1934B800D40E6E /* ForestFlowApp.swift */; };
		CB25F3592A1934B900D40E6E /* Assets.xcassets in Resources */ = {isa = PBXBuildFile; fileRef = CB25F3582A1934B900D40E6E /* Assets.xcassets */; };
		CB25F35D2A1934B900D40E6E /* Preview Assets.xcassets in Resources */ = {isa = PBXBuildFile; fileRef = CB25F35C2A1934B900D40E6E /* Preview Assets.xcassets */; };
		CB25F3672A1934B900D40E6E /* ForestFlowTests.swift in Sources */ = {isa = PBXBuildFile; fileRef = CB25F3662A1934B900D40E6E /* ForestFlowTests.swift */; };
		CB25F3712A1934B900D40E6E /* ForestFlowUITests.swift in Sources */ = {isa = PBXBuildFile; fileRef = CB25F3702A1934B900D40E6E /* ForestFlowUITests.swift */; };
		CB25F3732A1934B900D40E6E /* ForestFlowUITestsLaunchTests.swift in Sources */ = {isa = PBXBuildFile; fileRef = CB25F3722A1934B900D40E6E /* ForestFlowUITestsLaunchTests.swift */; };
		CB25F3852A19377700D40E6E /* TreeListView.swift in Sources */ = {isa = PBXBuildFile; fileRef = CB25F3842A19377700D40E6E /* TreeListView.swift */; };
		CB25F3872A19379000D40E6E /* AddTreeView.swift in Sources */ = {isa = PBXBuildFile; fileRef = CB25F3862A19379000D40E6E /* AddTreeView.swift */; };
		CB25F3892A1937A300D40E6E /* HomeView.swift in Sources */ = {isa = PBXBuildFile; fileRef = CB25F3882A1937A300D40E6E /* HomeView.swift */; };
		CB25F38B2A1937B600D40E6E /* AddListView.swift in Sources */ = {isa = PBXBuildFile; fileRef = CB25F38A2A1937B600D40E6E /* AddListView.swift */; };
		CB6F92BE2A6C26BD00888B4E /* ListModel.swift in Sources */ = {isa = PBXBuildFile; fileRef = CB6F92BD2A6C26BD00888B4E /* ListModel.swift */; };
		CB6F92C02A6C26C500888B4E /* TreeModel.swift in Sources */ = {isa = PBXBuildFile; fileRef = CB6F92BF2A6C26C500888B4E /* TreeModel.swift */; };
		CB7B1E1F2A746D95002BA7AA /* SettingsItemView.swift in Sources */ = {isa = PBXBuildFile; fileRef = CB7B1E1E2A746D95002BA7AA /* SettingsItemView.swift */; };
		CB8546BD2A5743D90002BACB /* AddTreeViewModel.swift in Sources */ = {isa = PBXBuildFile; fileRef = CB8546BC2A5743D90002BACB /* AddTreeViewModel.swift */; };
		CBB5BF982A3F377B00385C5F /* TreeDetailView.swift in Sources */ = {isa = PBXBuildFile; fileRef = CBB5BF972A3F377B00385C5F /* TreeDetailView.swift */; };
		CBB5BF9E2A3F3CD400385C5F /* ListDetailView.swift in Sources */ = {isa = PBXBuildFile; fileRef = CBB5BF9D2A3F3CD400385C5F /* ListDetailView.swift */; };
		CBB5BFA42A3FA8FA00385C5F /* SettingsView.swift in Sources */ = {isa = PBXBuildFile; fileRef = CBB5BFA32A3FA8FA00385C5F /* SettingsView.swift */; };
		CBBB8C7B2A5E901B00ADED23 /* ForestOwnerView.swift in Sources */ = {isa = PBXBuildFile; fileRef = CBBB8C7A2A5E901B00ADED23 /* ForestOwnerView.swift */; };
		CBF6992D2A536D9100EAE74C /* ItemView.swift in Sources */ = {isa = PBXBuildFile; fileRef = CBF6992C2A536D9100EAE74C /* ItemView.swift */; };
/* End PBXBuildFile section */

/* Begin PBXContainerItemProxy section */
		CB25F3632A1934B900D40E6E /* PBXContainerItemProxy */ = {
			isa = PBXContainerItemProxy;
			containerPortal = CB25F3492A1934B800D40E6E /* Project object */;
			proxyType = 1;
			remoteGlobalIDString = CB25F3502A1934B800D40E6E;
			remoteInfo = ForestFlow;
		};
		CB25F36D2A1934B900D40E6E /* PBXContainerItemProxy */ = {
			isa = PBXContainerItemProxy;
			containerPortal = CB25F3492A1934B800D40E6E /* Project object */;
			proxyType = 1;
			remoteGlobalIDString = CB25F3502A1934B800D40E6E;
			remoteInfo = ForestFlow;
		};
/* End PBXContainerItemProxy section */

/* Begin PBXFileReference section */
		CB097B742A43A2AF0068E977 /* MapView.swift */ = {isa = PBXFileReference; lastKnownFileType = sourcecode.swift; path = MapView.swift; sourceTree = "<group>"; };
		CB097B762A43A2BB0068E977 /* ChartsView.swift */ = {isa = PBXFileReference; lastKnownFileType = sourcecode.swift; path = ChartsView.swift; sourceTree = "<group>"; };
		CB25F3512A1934B800D40E6E /* ForestFlow.app */ = {isa = PBXFileReference; explicitFileType = wrapper.application; includeInIndex = 0; path = ForestFlow.app; sourceTree = BUILT_PRODUCTS_DIR; };
		CB25F3542A1934B800D40E6E /* ForestFlowApp.swift */ = {isa = PBXFileReference; lastKnownFileType = sourcecode.swift; path = ForestFlowApp.swift; sourceTree = "<group>"; };
		CB25F3582A1934B900D40E6E /* Assets.xcassets */ = {isa = PBXFileReference; lastKnownFileType = folder.assetcatalog; path = Assets.xcassets; sourceTree = "<group>"; };
		CB25F35A2A1934B900D40E6E /* ForestFlow.entitlements */ = {isa = PBXFileReference; lastKnownFileType = text.plist.entitlements; path = ForestFlow.entitlements; sourceTree = "<group>"; };
		CB25F35C2A1934B900D40E6E /* Preview Assets.xcassets */ = {isa = PBXFileReference; lastKnownFileType = folder.assetcatalog; path = "Preview Assets.xcassets"; sourceTree = "<group>"; };
		CB25F3622A1934B900D40E6E /* ForestFlowTests.xctest */ = {isa = PBXFileReference; explicitFileType = wrapper.cfbundle; includeInIndex = 0; path = ForestFlowTests.xctest; sourceTree = BUILT_PRODUCTS_DIR; };
		CB25F3662A1934B900D40E6E /* ForestFlowTests.swift */ = {isa = PBXFileReference; lastKnownFileType = sourcecode.swift; path = ForestFlowTests.swift; sourceTree = "<group>"; };
		CB25F36C2A1934B900D40E6E /* ForestFlowUITests.xctest */ = {isa = PBXFileReference; explicitFileType = wrapper.cfbundle; includeInIndex = 0; path = ForestFlowUITests.xctest; sourceTree = BUILT_PRODUCTS_DIR; };
		CB25F3702A1934B900D40E6E /* ForestFlowUITests.swift */ = {isa = PBXFileReference; lastKnownFileType = sourcecode.swift; path = ForestFlowUITests.swift; sourceTree = "<group>"; };
		CB25F3722A1934B900D40E6E /* ForestFlowUITestsLaunchTests.swift */ = {isa = PBXFileReference; lastKnownFileType = sourcecode.swift; path = ForestFlowUITestsLaunchTests.swift; sourceTree = "<group>"; };
		CB25F3842A19377700D40E6E /* TreeListView.swift */ = {isa = PBXFileReference; lastKnownFileType = sourcecode.swift; path = TreeListView.swift; sourceTree = "<group>"; };
		CB25F3862A19379000D40E6E /* AddTreeView.swift */ = {isa = PBXFileReference; lastKnownFileType = sourcecode.swift; path = AddTreeView.swift; sourceTree = "<group>"; };
		CB25F3882A1937A300D40E6E /* HomeView.swift */ = {isa = PBXFileReference; lastKnownFileType = sourcecode.swift; path = HomeView.swift; sourceTree = "<group>"; };
		CB25F38A2A1937B600D40E6E /* AddListView.swift */ = {isa = PBXFileReference; lastKnownFileType = sourcecode.swift; path = AddListView.swift; sourceTree = "<group>"; };
		CB6F92BD2A6C26BD00888B4E /* ListModel.swift */ = {isa = PBXFileReference; lastKnownFileType = sourcecode.swift; path = ListModel.swift; sourceTree = "<group>"; };
		CB6F92BF2A6C26C500888B4E /* TreeModel.swift */ = {isa = PBXFileReference; lastKnownFileType = sourcecode.swift; path = TreeModel.swift; sourceTree = "<group>"; };
		CB7B1E1E2A746D95002BA7AA /* SettingsItemView.swift */ = {isa = PBXFileReference; lastKnownFileType = sourcecode.swift; path = SettingsItemView.swift; sourceTree = "<group>"; };
		CB8546BC2A5743D90002BACB /* AddTreeViewModel.swift */ = {isa = PBXFileReference; lastKnownFileType = sourcecode.swift; path = AddTreeViewModel.swift; sourceTree = "<group>"; };
		CBB5BF972A3F377B00385C5F /* TreeDetailView.swift */ = {isa = PBXFileReference; lastKnownFileType = sourcecode.swift; path = TreeDetailView.swift; sourceTree = "<group>"; };
		CBB5BF9D2A3F3CD400385C5F /* ListDetailView.swift */ = {isa = PBXFileReference; lastKnownFileType = sourcecode.swift; path = ListDetailView.swift; sourceTree = "<group>"; };
		CBB5BFA32A3FA8FA00385C5F /* SettingsView.swift */ = {isa = PBXFileReference; lastKnownFileType = sourcecode.swift; path = SettingsView.swift; sourceTree = "<group>"; };
		CBBB8C7A2A5E901B00ADED23 /* ForestOwnerView.swift */ = {isa = PBXFileReference; lastKnownFileType = sourcecode.swift; path = ForestOwnerView.swift; sourceTree = "<group>"; };
		CBF6992C2A536D9100EAE74C /* ItemView.swift */ = {isa = PBXFileReference; lastKnownFileType = sourcecode.swift; path = ItemView.swift; sourceTree = "<group>"; };
/* End PBXFileReference section */

/* Begin PBXFrameworksBuildPhase section */
		CB25F34E2A1934B800D40E6E /* Frameworks */ = {
			isa = PBXFrameworksBuildPhase;
			buildActionMask = 2147483647;
			files = (
			);
			runOnlyForDeploymentPostprocessing = 0;
		};
		CB25F35F2A1934B900D40E6E /* Frameworks */ = {
			isa = PBXFrameworksBuildPhase;
			buildActionMask = 2147483647;
			files = (
			);
			runOnlyForDeploymentPostprocessing = 0;
		};
		CB25F3692A1934B900D40E6E /* Frameworks */ = {
			isa = PBXFrameworksBuildPhase;
			buildActionMask = 2147483647;
			files = (
			);
			runOnlyForDeploymentPostprocessing = 0;
		};
/* End PBXFrameworksBuildPhase section */

/* Begin PBXGroup section */
		CB25F3482A1934B800D40E6E = {
			isa = PBXGroup;
			children = (
				CB25F3532A1934B800D40E6E /* ForestFlow */,
				CB25F3652A1934B900D40E6E /* ForestFlowTests */,
				CB25F36F2A1934B900D40E6E /* ForestFlowUITests */,
				CB25F3522A1934B800D40E6E /* Products */,
			);
			sourceTree = "<group>";
		};
		CB25F3522A1934B800D40E6E /* Products */ = {
			isa = PBXGroup;
			children = (
				CB25F3512A1934B800D40E6E /* ForestFlow.app */,
				CB25F3622A1934B900D40E6E /* ForestFlowTests.xctest */,
				CB25F36C2A1934B900D40E6E /* ForestFlowUITests.xctest */,
			);
			name = Products;
			sourceTree = "<group>";
		};
		CB25F3532A1934B800D40E6E /* ForestFlow */ = {
			isa = PBXGroup;
			children = (
				CB25F3542A1934B800D40E6E /* ForestFlowApp.swift */,
				CB25F3822A1935BC00D40E6E /* Home */,
				CB25F3832A19360B00D40E6E /* Tree */,
				CBFCAFF12B22745B003DCEBE /* Charts */,
				CBFCAFF02B227454003DCEBE /* Map */,
				CBFCAFEE2B22736A003DCEBE /* Settings */,
				CBFCAFEB2B2272CE003DCEBE /* Common */,
				CBFCAFEA2B2272B5003DCEBE /* Utils */,
				CB25F35A2A1934B900D40E6E /* ForestFlow.entitlements */,
				CB25F35B2A1934B900D40E6E /* Preview Content */,
			);
			path = ForestFlow;
			sourceTree = "<group>";
		};
		CB25F35B2A1934B900D40E6E /* Preview Content */ = {
			isa = PBXGroup;
			children = (
				CB25F35C2A1934B900D40E6E /* Preview Assets.xcassets */,
			);
			path = "Preview Content";
			sourceTree = "<group>";
		};
		CB25F3652A1934B900D40E6E /* ForestFlowTests */ = {
			isa = PBXGroup;
			children = (
				CB25F3662A1934B900D40E6E /* ForestFlowTests.swift */,
			);
			path = ForestFlowTests;
			sourceTree = "<group>";
		};
		CB25F36F2A1934B900D40E6E /* ForestFlowUITests */ = {
			isa = PBXGroup;
			children = (
				CB25F3702A1934B900D40E6E /* ForestFlowUITests.swift */,
				CB25F3722A1934B900D40E6E /* ForestFlowUITestsLaunchTests.swift */,
			);
			path = ForestFlowUITests;
			sourceTree = "<group>";
		};
		CB25F3822A1935BC00D40E6E /* Home */ = {
			isa = PBXGroup;
			children = (
				CB25F3882A1937A300D40E6E /* HomeView.swift */,
				CB25F38A2A1937B600D40E6E /* AddListView.swift */,
				CBB5BF9D2A3F3CD400385C5F /* ListDetailView.swift */,
			);
			path = Home;
			sourceTree = "<group>";
		};
		CB25F3832A19360B00D40E6E /* Tree */ = {
			isa = PBXGroup;
			children = (
				CB25F3842A19377700D40E6E /* TreeListView.swift */,
				CBB5BF972A3F377B00385C5F /* TreeDetailView.swift */,
				CB25F3862A19379000D40E6E /* AddTreeView.swift */,
				CB8546BC2A5743D90002BACB /* AddTreeViewModel.swift */,
			);
			path = Tree;
			sourceTree = "<group>";
		};
		CBBB8C7C2A5E912F00ADED23 /* Models */ = {
			isa = PBXGroup;
			children = (
				CB6F92BD2A6C26BD00888B4E /* ListModel.swift */,
				CB6F92BF2A6C26C500888B4E /* TreeModel.swift */,
			);
			path = Models;
			sourceTree = "<group>";
		};
		CBFCAFEA2B2272B5003DCEBE /* Utils */ = {
			isa = PBXGroup;
			children = (
				CBFCAFEC2B2272D8003DCEBE /* UIComponents */,
				CBFCAFED2B227326003DCEBE /* Resources */,
			);
			path = Utils;
			sourceTree = "<group>";
		};
		CBFCAFEB2B2272CE003DCEBE /* Common */ = {
			isa = PBXGroup;
			children = (
				CBFCAFEF2B22742D003DCEBE /* SwiftData */,
			);
			path = Common;
			sourceTree = "<group>";
		};
		CBFCAFEC2B2272D8003DCEBE /* UIComponents */ = {
			isa = PBXGroup;
			children = (
				CBBB8C7A2A5E901B00ADED23 /* ForestOwnerView.swift */,
				CB7B1E1E2A746D95002BA7AA /* SettingsItemView.swift */,
				CBF6992C2A536D9100EAE74C /* ItemView.swift */,
			);
			path = UIComponents;
			sourceTree = "<group>";
		};
		CBFCAFED2B227326003DCEBE /* Resources */ = {
			isa = PBXGroup;
			children = (
				CB25F3582A1934B900D40E6E /* Assets.xcassets */,
			);
			path = Resources;
			sourceTree = "<group>";
		};
		CBFCAFEE2B22736A003DCEBE /* Settings */ = {
			isa = PBXGroup;
			children = (
				CBB5BFA32A3FA8FA00385C5F /* SettingsView.swift */,
			);
			path = Settings;
			sourceTree = "<group>";
		};
		CBFCAFEF2B22742D003DCEBE /* SwiftData */ = {
			isa = PBXGroup;
			children = (
				CBBB8C7C2A5E912F00ADED23 /* Models */,
			);
			path = SwiftData;
			sourceTree = "<group>";
		};
		CBFCAFF02B227454003DCEBE /* Map */ = {
			isa = PBXGroup;
			children = (
				CB097B742A43A2AF0068E977 /* MapView.swift */,
			);
			path = Map;
			sourceTree = "<group>";
		};
		CBFCAFF12B22745B003DCEBE /* Charts */ = {
			isa = PBXGroup;
			children = (
				CB097B762A43A2BB0068E977 /* ChartsView.swift */,
			);
			path = Charts;
			sourceTree = "<group>";
		};
/* End PBXGroup section */

/* Begin PBXNativeTarget section */
		CB25F3502A1934B800D40E6E /* ForestFlow */ = {
			isa = PBXNativeTarget;
			buildConfigurationList = CB25F3762A1934B900D40E6E /* Build configuration list for PBXNativeTarget "ForestFlow" */;
			buildPhases = (
				CB25F34D2A1934B800D40E6E /* Sources */,
				CB25F34E2A1934B800D40E6E /* Frameworks */,
				CB25F34F2A1934B800D40E6E /* Resources */,
			);
			buildRules = (
			);
			dependencies = (
			);
			name = ForestFlow;
			productName = ForestFlow;
			productReference = CB25F3512A1934B800D40E6E /* ForestFlow.app */;
			productType = "com.apple.product-type.application";
		};
		CB25F3612A1934B900D40E6E /* ForestFlowTests */ = {
			isa = PBXNativeTarget;
			buildConfigurationList = CB25F3792A1934B900D40E6E /* Build configuration list for PBXNativeTarget "ForestFlowTests" */;
			buildPhases = (
				CB25F35E2A1934B900D40E6E /* Sources */,
				CB25F35F2A1934B900D40E6E /* Frameworks */,
				CB25F3602A1934B900D40E6E /* Resources */,
			);
			buildRules = (
			);
			dependencies = (
				CB25F3642A1934B900D40E6E /* PBXTargetDependency */,
			);
			name = ForestFlowTests;
			productName = ForestFlowTests;
			productReference = CB25F3622A1934B900D40E6E /* ForestFlowTests.xctest */;
			productType = "com.apple.product-type.bundle.unit-test";
		};
		CB25F36B2A1934B900D40E6E /* ForestFlowUITests */ = {
			isa = PBXNativeTarget;
			buildConfigurationList = CB25F37C2A1934B900D40E6E /* Build configuration list for PBXNativeTarget "ForestFlowUITests" */;
			buildPhases = (
				CB25F3682A1934B900D40E6E /* Sources */,
				CB25F3692A1934B900D40E6E /* Frameworks */,
				CB25F36A2A1934B900D40E6E /* Resources */,
			);
			buildRules = (
			);
			dependencies = (
				CB25F36E2A1934B900D40E6E /* PBXTargetDependency */,
			);
			name = ForestFlowUITests;
			productName = ForestFlowUITests;
			productReference = CB25F36C2A1934B900D40E6E /* ForestFlowUITests.xctest */;
			productType = "com.apple.product-type.bundle.ui-testing";
		};
/* End PBXNativeTarget section */

/* Begin PBXProject section */
		CB25F3492A1934B800D40E6E /* Project object */ = {
			isa = PBXProject;
			attributes = {
				BuildIndependentTargetsInParallel = 1;
				LastSwiftUpdateCheck = 1430;
				LastUpgradeCheck = 1500;
				TargetAttributes = {
					CB25F3502A1934B800D40E6E = {
						CreatedOnToolsVersion = 14.3;
					};
					CB25F3612A1934B900D40E6E = {
						CreatedOnToolsVersion = 14.3;
						TestTargetID = CB25F3502A1934B800D40E6E;
					};
					CB25F36B2A1934B900D40E6E = {
						CreatedOnToolsVersion = 14.3;
						TestTargetID = CB25F3502A1934B800D40E6E;
					};
				};
			};
			buildConfigurationList = CB25F34C2A1934B800D40E6E /* Build configuration list for PBXProject "ForestFlow" */;
			compatibilityVersion = "Xcode 14.0";
			developmentRegion = en;
			hasScannedForEncodings = 0;
			knownRegions = (
				en,
				Base,
			);
			mainGroup = CB25F3482A1934B800D40E6E;
			productRefGroup = CB25F3522A1934B800D40E6E /* Products */;
			projectDirPath = "";
			projectRoot = "";
			targets = (
				CB25F3502A1934B800D40E6E /* ForestFlow */,
				CB25F3612A1934B900D40E6E /* ForestFlowTests */,
				CB25F36B2A1934B900D40E6E /* ForestFlowUITests */,
			);
		};
/* End PBXProject section */

/* Begin PBXResourcesBuildPhase section */
		CB25F34F2A1934B800D40E6E /* Resources */ = {
			isa = PBXResourcesBuildPhase;
			buildActionMask = 2147483647;
			files = (
				CB25F35D2A1934B900D40E6E /* Preview Assets.xcassets in Resources */,
				CB25F3592A1934B900D40E6E /* Assets.xcassets in Resources */,
			);
			runOnlyForDeploymentPostprocessing = 0;
		};
		CB25F3602A1934B900D40E6E /* Resources */ = {
			isa = PBXResourcesBuildPhase;
			buildActionMask = 2147483647;
			files = (
			);
			runOnlyForDeploymentPostprocessing = 0;
		};
		CB25F36A2A1934B900D40E6E /* Resources */ = {
			isa = PBXResourcesBuildPhase;
			buildActionMask = 2147483647;
			files = (
			);
			runOnlyForDeploymentPostprocessing = 0;
		};
/* End PBXResourcesBuildPhase section */

/* Begin PBXSourcesBuildPhase section */
		CB25F34D2A1934B800D40E6E /* Sources */ = {
			isa = PBXSourcesBuildPhase;
			buildActionMask = 2147483647;
			files = (
				CB8546BD2A5743D90002BACB /* AddTreeViewModel.swift in Sources */,
				CB6F92BE2A6C26BD00888B4E /* ListModel.swift in Sources */,
				CBB5BF9E2A3F3CD400385C5F /* ListDetailView.swift in Sources */,
				CB6F92C02A6C26C500888B4E /* TreeModel.swift in Sources */,
				CB097B752A43A2AF0068E977 /* MapView.swift in Sources */,
				CBF6992D2A536D9100EAE74C /* ItemView.swift in Sources */,
				CB25F3872A19379000D40E6E /* AddTreeView.swift in Sources */,
				CBBB8C7B2A5E901B00ADED23 /* ForestOwnerView.swift in Sources */,
				CB25F38B2A1937B600D40E6E /* AddListView.swift in Sources */,
				CBB5BF982A3F377B00385C5F /* TreeDetailView.swift in Sources */,
				CB25F3892A1937A300D40E6E /* HomeView.swift in Sources */,
				CB25F3852A19377700D40E6E /* TreeListView.swift in Sources */,
				CB097B772A43A2BB0068E977 /* ChartsView.swift in Sources */,
				CB7B1E1F2A746D95002BA7AA /* SettingsItemView.swift in Sources */,
				CB25F3552A1934B800D40E6E /* ForestFlowApp.swift in Sources */,
				CBB5BFA42A3FA8FA00385C5F /* SettingsView.swift in Sources */,
			);
			runOnlyForDeploymentPostprocessing = 0;
		};
		CB25F35E2A1934B900D40E6E /* Sources */ = {
			isa = PBXSourcesBuildPhase;
			buildActionMask = 2147483647;
			files = (
				CB25F3672A1934B900D40E6E /* ForestFlowTests.swift in Sources */,
			);
			runOnlyForDeploymentPostprocessing = 0;
		};
		CB25F3682A1934B900D40E6E /* Sources */ = {
			isa = PBXSourcesBuildPhase;
			buildActionMask = 2147483647;
			files = (
				CB25F3712A1934B900D40E6E /* ForestFlowUITests.swift in Sources */,
				CB25F3732A1934B900D40E6E /* ForestFlowUITestsLaunchTests.swift in Sources */,
			);
			runOnlyForDeploymentPostprocessing = 0;
		};
/* End PBXSourcesBuildPhase section */

/* Begin PBXTargetDependency section */
		CB25F3642A1934B900D40E6E /* PBXTargetDependency */ = {
			isa = PBXTargetDependency;
			target = CB25F3502A1934B800D40E6E /* ForestFlow */;
			targetProxy = CB25F3632A1934B900D40E6E /* PBXContainerItemProxy */;
		};
		CB25F36E2A1934B900D40E6E /* PBXTargetDependency */ = {
			isa = PBXTargetDependency;
			target = CB25F3502A1934B800D40E6E /* ForestFlow */;
			targetProxy = CB25F36D2A1934B900D40E6E /* PBXContainerItemProxy */;
		};
/* End PBXTargetDependency section */

/* Begin XCBuildConfiguration section */
		CB25F3742A1934B900D40E6E /* Debug */ = {
			isa = XCBuildConfiguration;
			buildSettings = {
				ALWAYS_SEARCH_USER_PATHS = NO;
				CLANG_ANALYZER_NONNULL = YES;
				CLANG_ANALYZER_NUMBER_OBJECT_CONVERSION = YES_AGGRESSIVE;
				CLANG_CXX_LANGUAGE_STANDARD = "gnu++20";
				CLANG_ENABLE_MODULES = YES;
				CLANG_ENABLE_OBJC_ARC = YES;
				CLANG_ENABLE_OBJC_WEAK = YES;
				CLANG_WARN_BLOCK_CAPTURE_AUTORELEASING = YES;
				CLANG_WARN_BOOL_CONVERSION = YES;
				CLANG_WARN_COMMA = YES;
				CLANG_WARN_CONSTANT_CONVERSION = YES;
				CLANG_WARN_DEPRECATED_OBJC_IMPLEMENTATIONS = YES;
				CLANG_WARN_DIRECT_OBJC_ISA_USAGE = YES_ERROR;
				CLANG_WARN_DOCUMENTATION_COMMENTS = YES;
				CLANG_WARN_EMPTY_BODY = YES;
				CLANG_WARN_ENUM_CONVERSION = YES;
				CLANG_WARN_INFINITE_RECURSION = YES;
				CLANG_WARN_INT_CONVERSION = YES;
				CLANG_WARN_NON_LITERAL_NULL_CONVERSION = YES;
				CLANG_WARN_OBJC_IMPLICIT_RETAIN_SELF = YES;
				CLANG_WARN_OBJC_LITERAL_CONVERSION = YES;
				CLANG_WARN_OBJC_ROOT_CLASS = YES_ERROR;
				CLANG_WARN_QUOTED_INCLUDE_IN_FRAMEWORK_HEADER = YES;
				CLANG_WARN_RANGE_LOOP_ANALYSIS = YES;
				CLANG_WARN_STRICT_PROTOTYPES = YES;
				CLANG_WARN_SUSPICIOUS_MOVE = YES;
				CLANG_WARN_UNGUARDED_AVAILABILITY = YES_AGGRESSIVE;
				CLANG_WARN_UNREACHABLE_CODE = YES;
				CLANG_WARN__DUPLICATE_METHOD_MATCH = YES;
				COPY_PHASE_STRIP = NO;
				DEAD_CODE_STRIPPING = YES;
				DEBUG_INFORMATION_FORMAT = dwarf;
				ENABLE_STRICT_OBJC_MSGSEND = YES;
				ENABLE_TESTABILITY = YES;
				ENABLE_USER_SCRIPT_SANDBOXING = YES;
				GCC_C_LANGUAGE_STANDARD = gnu11;
				GCC_DYNAMIC_NO_PIC = NO;
				GCC_NO_COMMON_BLOCKS = YES;
				GCC_OPTIMIZATION_LEVEL = 0;
				GCC_PREPROCESSOR_DEFINITIONS = (
					"DEBUG=1",
					"$(inherited)",
				);
				GCC_WARN_64_TO_32_BIT_CONVERSION = YES;
				GCC_WARN_ABOUT_RETURN_TYPE = YES_ERROR;
				GCC_WARN_UNDECLARED_SELECTOR = YES;
				GCC_WARN_UNINITIALIZED_AUTOS = YES_AGGRESSIVE;
				GCC_WARN_UNUSED_FUNCTION = YES;
				GCC_WARN_UNUSED_VARIABLE = YES;
				MTL_ENABLE_DEBUG_INFO = INCLUDE_SOURCE;
				MTL_FAST_MATH = YES;
				ONLY_ACTIVE_ARCH = YES;
				SWIFT_ACTIVE_COMPILATION_CONDITIONS = DEBUG;
				SWIFT_OPTIMIZATION_LEVEL = "-Onone";
			};
			name = Debug;
		};
		CB25F3752A1934B900D40E6E /* Release */ = {
			isa = XCBuildConfiguration;
			buildSettings = {
				ALWAYS_SEARCH_USER_PATHS = NO;
				CLANG_ANALYZER_NONNULL = YES;
				CLANG_ANALYZER_NUMBER_OBJECT_CONVERSION = YES_AGGRESSIVE;
				CLANG_CXX_LANGUAGE_STANDARD = "gnu++20";
				CLANG_ENABLE_MODULES = YES;
				CLANG_ENABLE_OBJC_ARC = YES;
				CLANG_ENABLE_OBJC_WEAK = YES;
				CLANG_WARN_BLOCK_CAPTURE_AUTORELEASING = YES;
				CLANG_WARN_BOOL_CONVERSION = YES;
				CLANG_WARN_COMMA = YES;
				CLANG_WARN_CONSTANT_CONVERSION = YES;
				CLANG_WARN_DEPRECATED_OBJC_IMPLEMENTATIONS = YES;
				CLANG_WARN_DIRECT_OBJC_ISA_USAGE = YES_ERROR;
				CLANG_WARN_DOCUMENTATION_COMMENTS = YES;
				CLANG_WARN_EMPTY_BODY = YES;
				CLANG_WARN_ENUM_CONVERSION = YES;
				CLANG_WARN_INFINITE_RECURSION = YES;
				CLANG_WARN_INT_CONVERSION = YES;
				CLANG_WARN_NON_LITERAL_NULL_CONVERSION = YES;
				CLANG_WARN_OBJC_IMPLICIT_RETAIN_SELF = YES;
				CLANG_WARN_OBJC_LITERAL_CONVERSION = YES;
				CLANG_WARN_OBJC_ROOT_CLASS = YES_ERROR;
				CLANG_WARN_QUOTED_INCLUDE_IN_FRAMEWORK_HEADER = YES;
				CLANG_WARN_RANGE_LOOP_ANALYSIS = YES;
				CLANG_WARN_STRICT_PROTOTYPES = YES;
				CLANG_WARN_SUSPICIOUS_MOVE = YES;
				CLANG_WARN_UNGUARDED_AVAILABILITY = YES_AGGRESSIVE;
				CLANG_WARN_UNREACHABLE_CODE = YES;
				CLANG_WARN__DUPLICATE_METHOD_MATCH = YES;
				COPY_PHASE_STRIP = NO;
				DEAD_CODE_STRIPPING = YES;
				DEBUG_INFORMATION_FORMAT = "dwarf-with-dsym";
				ENABLE_NS_ASSERTIONS = NO;
				ENABLE_STRICT_OBJC_MSGSEND = YES;
				ENABLE_USER_SCRIPT_SANDBOXING = YES;
				GCC_C_LANGUAGE_STANDARD = gnu11;
				GCC_NO_COMMON_BLOCKS = YES;
				GCC_WARN_64_TO_32_BIT_CONVERSION = YES;
				GCC_WARN_ABOUT_RETURN_TYPE = YES_ERROR;
				GCC_WARN_UNDECLARED_SELECTOR = YES;
				GCC_WARN_UNINITIALIZED_AUTOS = YES_AGGRESSIVE;
				GCC_WARN_UNUSED_FUNCTION = YES;
				GCC_WARN_UNUSED_VARIABLE = YES;
				MTL_ENABLE_DEBUG_INFO = NO;
				MTL_FAST_MATH = YES;
				SWIFT_COMPILATION_MODE = wholemodule;
				SWIFT_OPTIMIZATION_LEVEL = "-O";
			};
			name = Release;
		};
		CB25F3772A1934B900D40E6E /* Debug */ = {
			isa = XCBuildConfiguration;
			buildSettings = {
				ASSETCATALOG_COMPILER_APPICON_NAME = AppIcon;
				ASSETCATALOG_COMPILER_GLOBAL_ACCENT_COLOR_NAME = AccentColor;
				CODE_SIGN_ENTITLEMENTS = ForestFlow/ForestFlow.entitlements;
				CODE_SIGN_STYLE = Automatic;
				CURRENT_PROJECT_VERSION = 1;
				DEAD_CODE_STRIPPING = YES;
				DEVELOPMENT_ASSET_PATHS = "\"ForestFlow/Preview Content\"";
				DEVELOPMENT_TEAM = 7SM6PL3XT8;
				ENABLE_HARDENED_RUNTIME = YES;
				ENABLE_PREVIEWS = YES;
				GENERATE_INFOPLIST_FILE = YES;
				"INFOPLIST_KEY_UIApplicationSceneManifest_Generation[sdk=iphoneos*]" = YES;
				"INFOPLIST_KEY_UIApplicationSceneManifest_Generation[sdk=iphonesimulator*]" = YES;
				"INFOPLIST_KEY_UIApplicationSupportsIndirectInputEvents[sdk=iphoneos*]" = YES;
				"INFOPLIST_KEY_UIApplicationSupportsIndirectInputEvents[sdk=iphonesimulator*]" = YES;
				"INFOPLIST_KEY_UILaunchScreen_Generation[sdk=iphoneos*]" = YES;
				"INFOPLIST_KEY_UILaunchScreen_Generation[sdk=iphonesimulator*]" = YES;
				"INFOPLIST_KEY_UIStatusBarStyle[sdk=iphoneos*]" = UIStatusBarStyleDefault;
				"INFOPLIST_KEY_UIStatusBarStyle[sdk=iphonesimulator*]" = UIStatusBarStyleDefault;
				INFOPLIST_KEY_UISupportedInterfaceOrientations_iPad = "UIInterfaceOrientationPortrait UIInterfaceOrientationPortraitUpsideDown UIInterfaceOrientationLandscapeLeft UIInterfaceOrientationLandscapeRight";
				INFOPLIST_KEY_UISupportedInterfaceOrientations_iPhone = "UIInterfaceOrientationPortrait UIInterfaceOrientationLandscapeLeft UIInterfaceOrientationLandscapeRight";
				IPHONEOS_DEPLOYMENT_TARGET = 17.0;
				LD_RUNPATH_SEARCH_PATHS = "@executable_path/Frameworks";
				"LD_RUNPATH_SEARCH_PATHS[sdk=macosx*]" = "@executable_path/../Frameworks";
				MACOSX_DEPLOYMENT_TARGET = 13.3;
				MARKETING_VERSION = 1.0;
				PRODUCT_BUNDLE_IDENTIFIER = ch.romanindermuehle.ForestFlow;
				PRODUCT_NAME = "$(TARGET_NAME)";
				SDKROOT = auto;
				SUPPORTED_PLATFORMS = "iphoneos iphonesimulator macosx";
				SWIFT_EMIT_LOC_STRINGS = YES;
				SWIFT_VERSION = 5.0;
				TARGETED_DEVICE_FAMILY = "1,2";
			};
			name = Debug;
		};
		CB25F3782A1934B900D40E6E /* Release */ = {
			isa = XCBuildConfiguration;
			buildSettings = {
				ASSETCATALOG_COMPILER_APPICON_NAME = AppIcon;
				ASSETCATALOG_COMPILER_GLOBAL_ACCENT_COLOR_NAME = AccentColor;
				CODE_SIGN_ENTITLEMENTS = ForestFlow/ForestFlow.entitlements;
				CODE_SIGN_STYLE = Automatic;
				CURRENT_PROJECT_VERSION = 1;
				DEAD_CODE_STRIPPING = YES;
				DEVELOPMENT_ASSET_PATHS = "\"ForestFlow/Preview Content\"";
				DEVELOPMENT_TEAM = 7SM6PL3XT8;
				ENABLE_HARDENED_RUNTIME = YES;
				ENABLE_PREVIEWS = YES;
				GENERATE_INFOPLIST_FILE = YES;
				"INFOPLIST_KEY_UIApplicationSceneManifest_Generation[sdk=iphoneos*]" = YES;
				"INFOPLIST_KEY_UIApplicationSceneManifest_Generation[sdk=iphonesimulator*]" = YES;
				"INFOPLIST_KEY_UIApplicationSupportsIndirectInputEvents[sdk=iphoneos*]" = YES;
				"INFOPLIST_KEY_UIApplicationSupportsIndirectInputEvents[sdk=iphonesimulator*]" = YES;
				"INFOPLIST_KEY_UILaunchScreen_Generation[sdk=iphoneos*]" = YES;
				"INFOPLIST_KEY_UILaunchScreen_Generation[sdk=iphonesimulator*]" = YES;
				"INFOPLIST_KEY_UIStatusBarStyle[sdk=iphoneos*]" = UIStatusBarStyleDefault;
				"INFOPLIST_KEY_UIStatusBarStyle[sdk=iphonesimulator*]" = UIStatusBarStyleDefault;
				INFOPLIST_KEY_UISupportedInterfaceOrientations_iPad = "UIInterfaceOrientationPortrait UIInterfaceOrientationPortraitUpsideDown UIInterfaceOrientationLandscapeLeft UIInterfaceOrientationLandscapeRight";
				INFOPLIST_KEY_UISupportedInterfaceOrientations_iPhone = "UIInterfaceOrientationPortrait UIInterfaceOrientationLandscapeLeft UIInterfaceOrientationLandscapeRight";
				IPHONEOS_DEPLOYMENT_TARGET = 17.0;
				LD_RUNPATH_SEARCH_PATHS = "@executable_path/Frameworks";
				"LD_RUNPATH_SEARCH_PATHS[sdk=macosx*]" = "@executable_path/../Frameworks";
				MACOSX_DEPLOYMENT_TARGET = 13.3;
				MARKETING_VERSION = 1.0;
				PRODUCT_BUNDLE_IDENTIFIER = ch.romanindermuehle.ForestFlow;
				PRODUCT_NAME = "$(TARGET_NAME)";
				SDKROOT = auto;
				SUPPORTED_PLATFORMS = "iphoneos iphonesimulator macosx";
				SWIFT_EMIT_LOC_STRINGS = YES;
				SWIFT_VERSION = 5.0;
				TARGETED_DEVICE_FAMILY = "1,2";
			};
			name = Release;
		};
		CB25F37A2A1934B900D40E6E /* Debug */ = {
			isa = XCBuildConfiguration;
			buildSettings = {
				ALWAYS_EMBED_SWIFT_STANDARD_LIBRARIES = YES;
				BUNDLE_LOADER = "$(TEST_HOST)";
				CODE_SIGN_STYLE = Automatic;
				CURRENT_PROJECT_VERSION = 1;
				DEAD_CODE_STRIPPING = YES;
				DEVELOPMENT_TEAM = 7SM6PL3XT8;
				GENERATE_INFOPLIST_FILE = YES;
				IPHONEOS_DEPLOYMENT_TARGET = 16.4;
				MACOSX_DEPLOYMENT_TARGET = 13.3;
				MARKETING_VERSION = 1.0;
				PRODUCT_BUNDLE_IDENTIFIER = ch.romanindermuehle.ForestFlowTests;
				PRODUCT_NAME = "$(TARGET_NAME)";
				SDKROOT = auto;
				SUPPORTED_PLATFORMS = "iphoneos iphonesimulator macosx";
				SWIFT_EMIT_LOC_STRINGS = NO;
				SWIFT_VERSION = 5.0;
				TARGETED_DEVICE_FAMILY = "1,2";
				TEST_HOST = "$(BUILT_PRODUCTS_DIR)/ForestFlow.app/$(BUNDLE_EXECUTABLE_FOLDER_PATH)/ForestFlow";
			};
			name = Debug;
		};
		CB25F37B2A1934B900D40E6E /* Release */ = {
			isa = XCBuildConfiguration;
			buildSettings = {
				ALWAYS_EMBED_SWIFT_STANDARD_LIBRARIES = YES;
				BUNDLE_LOADER = "$(TEST_HOST)";
				CODE_SIGN_STYLE = Automatic;
				CURRENT_PROJECT_VERSION = 1;
				DEAD_CODE_STRIPPING = YES;
				DEVELOPMENT_TEAM = 7SM6PL3XT8;
				GENERATE_INFOPLIST_FILE = YES;
				IPHONEOS_DEPLOYMENT_TARGET = 16.4;
				MACOSX_DEPLOYMENT_TARGET = 13.3;
				MARKETING_VERSION = 1.0;
				PRODUCT_BUNDLE_IDENTIFIER = ch.romanindermuehle.ForestFlowTests;
				PRODUCT_NAME = "$(TARGET_NAME)";
				SDKROOT = auto;
				SUPPORTED_PLATFORMS = "iphoneos iphonesimulator macosx";
				SWIFT_EMIT_LOC_STRINGS = NO;
				SWIFT_VERSION = 5.0;
				TARGETED_DEVICE_FAMILY = "1,2";
				TEST_HOST = "$(BUILT_PRODUCTS_DIR)/ForestFlow.app/$(BUNDLE_EXECUTABLE_FOLDER_PATH)/ForestFlow";
			};
			name = Release;
		};
		CB25F37D2A1934B900D40E6E /* Debug */ = {
			isa = XCBuildConfiguration;
			buildSettings = {
				ALWAYS_EMBED_SWIFT_STANDARD_LIBRARIES = YES;
				CODE_SIGN_STYLE = Automatic;
				CURRENT_PROJECT_VERSION = 1;
				DEAD_CODE_STRIPPING = YES;
				DEVELOPMENT_TEAM = 7SM6PL3XT8;
				GENERATE_INFOPLIST_FILE = YES;
				IPHONEOS_DEPLOYMENT_TARGET = 16.4;
				MACOSX_DEPLOYMENT_TARGET = 13.3;
				MARKETING_VERSION = 1.0;
				PRODUCT_BUNDLE_IDENTIFIER = ch.romanindermuehle.ForestFlowUITests;
				PRODUCT_NAME = "$(TARGET_NAME)";
				SDKROOT = auto;
				SUPPORTED_PLATFORMS = "iphoneos iphonesimulator macosx";
				SWIFT_EMIT_LOC_STRINGS = NO;
				SWIFT_VERSION = 5.0;
				TARGETED_DEVICE_FAMILY = "1,2";
				TEST_TARGET_NAME = ForestFlow;
			};
			name = Debug;
		};
		CB25F37E2A1934B900D40E6E /* Release */ = {
			isa = XCBuildConfiguration;
			buildSettings = {
				ALWAYS_EMBED_SWIFT_STANDARD_LIBRARIES = YES;
				CODE_SIGN_STYLE = Automatic;
				CURRENT_PROJECT_VERSION = 1;
				DEAD_CODE_STRIPPING = YES;
				DEVELOPMENT_TEAM = 7SM6PL3XT8;
				GENERATE_INFOPLIST_FILE = YES;
				IPHONEOS_DEPLOYMENT_TARGET = 16.4;
				MACOSX_DEPLOYMENT_TARGET = 13.3;
				MARKETING_VERSION = 1.0;
				PRODUCT_BUNDLE_IDENTIFIER = ch.romanindermuehle.ForestFlowUITests;
				PRODUCT_NAME = "$(TARGET_NAME)";
				SDKROOT = auto;
				SUPPORTED_PLATFORMS = "iphoneos iphonesimulator macosx";
				SWIFT_EMIT_LOC_STRINGS = NO;
				SWIFT_VERSION = 5.0;
				TARGETED_DEVICE_FAMILY = "1,2";
				TEST_TARGET_NAME = ForestFlow;
			};
			name = Release;
		};
/* End XCBuildConfiguration section */

/* Begin XCConfigurationList section */
		CB25F34C2A1934B800D40E6E /* Build configuration list for PBXProject "ForestFlow" */ = {
			isa = XCConfigurationList;
			buildConfigurations = (
				CB25F3742A1934B900D40E6E /* Debug */,
				CB25F3752A1934B900D40E6E /* Release */,
			);
			defaultConfigurationIsVisible = 0;
			defaultConfigurationName = Release;
		};
		CB25F3762A1934B900D40E6E /* Build configuration list for PBXNativeTarget "ForestFlow" */ = {
			isa = XCConfigurationList;
			buildConfigurations = (
				CB25F3772A1934B900D40E6E /* Debug */,
				CB25F3782A1934B900D40E6E /* Release */,
			);
			defaultConfigurationIsVisible = 0;
			defaultConfigurationName = Release;
		};
		CB25F3792A1934B900D40E6E /* Build configuration list for PBXNativeTarget "ForestFlowTests" */ = {
			isa = XCConfigurationList;
			buildConfigurations = (
				CB25F37A2A1934B900D40E6E /* Debug */,
				CB25F37B2A1934B900D40E6E /* Release */,
			);
			defaultConfigurationIsVisible = 0;
			defaultConfigurationName = Release;
		};
		CB25F37C2A1934B900D40E6E /* Build configuration list for PBXNativeTarget "ForestFlowUITests" */ = {
			isa = XCConfigurationList;
			buildConfigurations = (
				CB25F37D2A1934B900D40E6E /* Debug */,
				CB25F37E2A1934B900D40E6E /* Release */,
			);
			defaultConfigurationIsVisible = 0;
			defaultConfigurationName = Release;
		};
/* End XCConfigurationList section */
	};
	rootObject = CB25F3492A1934B800D40E6E /* Project object */;
}
