// !$*UTF8*$!
{
	archiveVersion = 1;
	classes = {
	};
	objectVersion = 56;
	objects = {

/* Begin PBXBuildFile section */
		4FFE757C2B444B340098FF00 /* ForestFlowApp.swift in Sources */ = {isa = PBXBuildFile; fileRef = 4FFE757B2B444B340098FF00 /* ForestFlowApp.swift */; };
		4FFE757E2B444B340098FF00 /* ContentView.swift in Sources */ = {isa = PBXBuildFile; fileRef = 4FFE757D2B444B340098FF00 /* ContentView.swift */; };
		4FFE75802B444B350098FF00 /* Assets.xcassets in Resources */ = {isa = PBXBuildFile; fileRef = 4FFE757F2B444B350098FF00 /* Assets.xcassets */; };
		4FFE75842B444B350098FF00 /* Preview Assets.xcassets in Resources */ = {isa = PBXBuildFile; fileRef = 4FFE75832B444B350098FF00 /* Preview Assets.xcassets */; };
		4FFE758E2B444B350098FF00 /* ForestFlowTests.swift in Sources */ = {isa = PBXBuildFile; fileRef = 4FFE758D2B444B350098FF00 /* ForestFlowTests.swift */; };
		4FFE75982B444B350098FF00 /* ForestFlowUITests.swift in Sources */ = {isa = PBXBuildFile; fileRef = 4FFE75972B444B350098FF00 /* ForestFlowUITests.swift */; };
		4FFE759A2B444B350098FF00 /* ForestFlowUITestsLaunchTests.swift in Sources */ = {isa = PBXBuildFile; fileRef = 4FFE75992B444B350098FF00 /* ForestFlowUITestsLaunchTests.swift */; };
/* End PBXBuildFile section */

/* Begin PBXContainerItemProxy section */
		4FFE758A2B444B350098FF00 /* PBXContainerItemProxy */ = {
			isa = PBXContainerItemProxy;
			containerPortal = 4FFE75702B444B340098FF00 /* Project object */;
			proxyType = 1;
			remoteGlobalIDString = 4FFE75772B444B340098FF00;
			remoteInfo = ForestFlow;
		};
		4FFE75942B444B350098FF00 /* PBXContainerItemProxy */ = {
			isa = PBXContainerItemProxy;
			containerPortal = 4FFE75702B444B340098FF00 /* Project object */;
			proxyType = 1;
			remoteGlobalIDString = 4FFE75772B444B340098FF00;
			remoteInfo = ForestFlow;
		};
/* End PBXContainerItemProxy section */

/* Begin PBXFileReference section */
		4FFE75782B444B340098FF00 /* ForestFlow.app */ = {isa = PBXFileReference; explicitFileType = wrapper.application; includeInIndex = 0; path = ForestFlow.app; sourceTree = BUILT_PRODUCTS_DIR; };
		4FFE757B2B444B340098FF00 /* ForestFlowApp.swift */ = {isa = PBXFileReference; lastKnownFileType = sourcecode.swift; path = ForestFlowApp.swift; sourceTree = "<group>"; };
		4FFE757D2B444B340098FF00 /* ContentView.swift */ = {isa = PBXFileReference; lastKnownFileType = sourcecode.swift; path = ContentView.swift; sourceTree = "<group>"; };
		4FFE757F2B444B350098FF00 /* Assets.xcassets */ = {isa = PBXFileReference; lastKnownFileType = folder.assetcatalog; path = Assets.xcassets; sourceTree = "<group>"; };
		4FFE75812B444B350098FF00 /* ForestFlow.entitlements */ = {isa = PBXFileReference; lastKnownFileType = text.plist.entitlements; path = ForestFlow.entitlements; sourceTree = "<group>"; };
		4FFE75832B444B350098FF00 /* Preview Assets.xcassets */ = {isa = PBXFileReference; lastKnownFileType = folder.assetcatalog; path = "Preview Assets.xcassets"; sourceTree = "<group>"; };
		4FFE75892B444B350098FF00 /* ForestFlowTests.xctest */ = {isa = PBXFileReference; explicitFileType = wrapper.cfbundle; includeInIndex = 0; path = ForestFlowTests.xctest; sourceTree = BUILT_PRODUCTS_DIR; };
		4FFE758D2B444B350098FF00 /* ForestFlowTests.swift */ = {isa = PBXFileReference; lastKnownFileType = sourcecode.swift; path = ForestFlowTests.swift; sourceTree = "<group>"; };
		4FFE75932B444B350098FF00 /* ForestFlowUITests.xctest */ = {isa = PBXFileReference; explicitFileType = wrapper.cfbundle; includeInIndex = 0; path = ForestFlowUITests.xctest; sourceTree = BUILT_PRODUCTS_DIR; };
		4FFE75972B444B350098FF00 /* ForestFlowUITests.swift */ = {isa = PBXFileReference; lastKnownFileType = sourcecode.swift; path = ForestFlowUITests.swift; sourceTree = "<group>"; };
		4FFE75992B444B350098FF00 /* ForestFlowUITestsLaunchTests.swift */ = {isa = PBXFileReference; lastKnownFileType = sourcecode.swift; path = ForestFlowUITestsLaunchTests.swift; sourceTree = "<group>"; };
/* End PBXFileReference section */

/* Begin PBXFrameworksBuildPhase section */
		4FFE75752B444B340098FF00 /* Frameworks */ = {
			isa = PBXFrameworksBuildPhase;
			buildActionMask = 2147483647;
			files = (
			);
			runOnlyForDeploymentPostprocessing = 0;
		};
		4FFE75862B444B350098FF00 /* Frameworks */ = {
			isa = PBXFrameworksBuildPhase;
			buildActionMask = 2147483647;
			files = (
			);
			runOnlyForDeploymentPostprocessing = 0;
		};
		4FFE75902B444B350098FF00 /* Frameworks */ = {
			isa = PBXFrameworksBuildPhase;
			buildActionMask = 2147483647;
			files = (
			);
			runOnlyForDeploymentPostprocessing = 0;
		};
/* End PBXFrameworksBuildPhase section */

/* Begin PBXGroup section */
		4FFE756F2B444B340098FF00 = {
			isa = PBXGroup;
			children = (
				4FFE757A2B444B340098FF00 /* ForestFlow */,
				4FFE758C2B444B350098FF00 /* ForestFlowTests */,
				4FFE75962B444B350098FF00 /* ForestFlowUITests */,
				4FFE75792B444B340098FF00 /* Products */,
			);
			sourceTree = "<group>";
		};
		4FFE75792B444B340098FF00 /* Products */ = {
			isa = PBXGroup;
			children = (
				4FFE75782B444B340098FF00 /* ForestFlow.app */,
				4FFE75892B444B350098FF00 /* ForestFlowTests.xctest */,
				4FFE75932B444B350098FF00 /* ForestFlowUITests.xctest */,
			);
			name = Products;
			sourceTree = "<group>";
		};
		4FFE757A2B444B340098FF00 /* ForestFlow */ = {
			isa = PBXGroup;
			children = (
				4FFE757B2B444B340098FF00 /* ForestFlowApp.swift */,
				4FFE757D2B444B340098FF00 /* ContentView.swift */,
				4FFE757F2B444B350098FF00 /* Assets.xcassets */,
				4FFE75812B444B350098FF00 /* ForestFlow.entitlements */,
				4FFE75822B444B350098FF00 /* Preview Content */,
			);
			path = ForestFlow;
			sourceTree = "<group>";
		};
		4FFE75822B444B350098FF00 /* Preview Content */ = {
			isa = PBXGroup;
			children = (
				4FFE75832B444B350098FF00 /* Preview Assets.xcassets */,
			);
			path = "Preview Content";
			sourceTree = "<group>";
		};
		4FFE758C2B444B350098FF00 /* ForestFlowTests */ = {
			isa = PBXGroup;
			children = (
				4FFE758D2B444B350098FF00 /* ForestFlowTests.swift */,
			);
			path = ForestFlowTests;
			sourceTree = "<group>";
		};
		4FFE75962B444B350098FF00 /* ForestFlowUITests */ = {
			isa = PBXGroup;
			children = (
				4FFE75972B444B350098FF00 /* ForestFlowUITests.swift */,
				4FFE75992B444B350098FF00 /* ForestFlowUITestsLaunchTests.swift */,
			);
			path = ForestFlowUITests;
			sourceTree = "<group>";
		};
/* End PBXGroup section */

/* Begin PBXNativeTarget section */
		4FFE75772B444B340098FF00 /* ForestFlow */ = {
			isa = PBXNativeTarget;
			buildConfigurationList = 4FFE759D2B444B350098FF00 /* Build configuration list for PBXNativeTarget "ForestFlow" */;
			buildPhases = (
				4FFE75742B444B340098FF00 /* Sources */,
				4FFE75752B444B340098FF00 /* Frameworks */,
				4FFE75762B444B340098FF00 /* Resources */,
			);
			buildRules = (
			);
			dependencies = (
			);
			name = ForestFlow;
			productName = ForestFlow;
			productReference = 4FFE75782B444B340098FF00 /* ForestFlow.app */;
			productType = "com.apple.product-type.application";
		};
		4FFE75882B444B350098FF00 /* ForestFlowTests */ = {
			isa = PBXNativeTarget;
			buildConfigurationList = 4FFE75A02B444B350098FF00 /* Build configuration list for PBXNativeTarget "ForestFlowTests" */;
			buildPhases = (
				4FFE75852B444B350098FF00 /* Sources */,
				4FFE75862B444B350098FF00 /* Frameworks */,
				4FFE75872B444B350098FF00 /* Resources */,
			);
			buildRules = (
			);
			dependencies = (
				4FFE758B2B444B350098FF00 /* PBXTargetDependency */,
			);
			name = ForestFlowTests;
			productName = ForestFlowTests;
			productReference = 4FFE75892B444B350098FF00 /* ForestFlowTests.xctest */;
			productType = "com.apple.product-type.bundle.unit-test";
		};
		4FFE75922B444B350098FF00 /* ForestFlowUITests */ = {
			isa = PBXNativeTarget;
			buildConfigurationList = 4FFE75A32B444B350098FF00 /* Build configuration list for PBXNativeTarget "ForestFlowUITests" */;
			buildPhases = (
				4FFE758F2B444B350098FF00 /* Sources */,
				4FFE75902B444B350098FF00 /* Frameworks */,
				4FFE75912B444B350098FF00 /* Resources */,
			);
			buildRules = (
			);
			dependencies = (
				4FFE75952B444B350098FF00 /* PBXTargetDependency */,
			);
			name = ForestFlowUITests;
			productName = ForestFlowUITests;
			productReference = 4FFE75932B444B350098FF00 /* ForestFlowUITests.xctest */;
			productType = "com.apple.product-type.bundle.ui-testing";
		};
/* End PBXNativeTarget section */

/* Begin PBXProject section */
		4FFE75702B444B340098FF00 /* Project object */ = {
			isa = PBXProject;
			attributes = {
				BuildIndependentTargetsInParallel = 1;
				LastSwiftUpdateCheck = 1500;
				LastUpgradeCheck = 1500;
				TargetAttributes = {
					4FFE75772B444B340098FF00 = {
						CreatedOnToolsVersion = 15.0.1;
					};
					4FFE75882B444B350098FF00 = {
						CreatedOnToolsVersion = 15.0.1;
						TestTargetID = 4FFE75772B444B340098FF00;
					};
					4FFE75922B444B350098FF00 = {
						CreatedOnToolsVersion = 15.0.1;
						TestTargetID = 4FFE75772B444B340098FF00;
					};
				};
			};
			buildConfigurationList = 4FFE75732B444B340098FF00 /* Build configuration list for PBXProject "ForestFlow" */;
			compatibilityVersion = "Xcode 14.0";
			developmentRegion = en;
			hasScannedForEncodings = 0;
			knownRegions = (
				en,
				Base,
			);
			mainGroup = 4FFE756F2B444B340098FF00;
			productRefGroup = 4FFE75792B444B340098FF00 /* Products */;
			projectDirPath = "";
			projectRoot = "";
			targets = (
				4FFE75772B444B340098FF00 /* ForestFlow */,
				4FFE75882B444B350098FF00 /* ForestFlowTests */,
				4FFE75922B444B350098FF00 /* ForestFlowUITests */,
			);
		};
/* End PBXProject section */

/* Begin PBXResourcesBuildPhase section */
		4FFE75762B444B340098FF00 /* Resources */ = {
			isa = PBXResourcesBuildPhase;
			buildActionMask = 2147483647;
			files = (
				4FFE75842B444B350098FF00 /* Preview Assets.xcassets in Resources */,
				4FFE75802B444B350098FF00 /* Assets.xcassets in Resources */,
			);
			runOnlyForDeploymentPostprocessing = 0;
		};
		4FFE75872B444B350098FF00 /* Resources */ = {
			isa = PBXResourcesBuildPhase;
			buildActionMask = 2147483647;
			files = (
			);
			runOnlyForDeploymentPostprocessing = 0;
		};
		4FFE75912B444B350098FF00 /* Resources */ = {
			isa = PBXResourcesBuildPhase;
			buildActionMask = 2147483647;
			files = (
			);
			runOnlyForDeploymentPostprocessing = 0;
		};
/* End PBXResourcesBuildPhase section */

/* Begin PBXSourcesBuildPhase section */
		4FFE75742B444B340098FF00 /* Sources */ = {
			isa = PBXSourcesBuildPhase;
			buildActionMask = 2147483647;
			files = (
				4FFE757E2B444B340098FF00 /* ContentView.swift in Sources */,
				4FFE757C2B444B340098FF00 /* ForestFlowApp.swift in Sources */,
			);
			runOnlyForDeploymentPostprocessing = 0;
		};
		4FFE75852B444B350098FF00 /* Sources */ = {
			isa = PBXSourcesBuildPhase;
			buildActionMask = 2147483647;
			files = (
				4FFE758E2B444B350098FF00 /* ForestFlowTests.swift in Sources */,
			);
			runOnlyForDeploymentPostprocessing = 0;
		};
		4FFE758F2B444B350098FF00 /* Sources */ = {
			isa = PBXSourcesBuildPhase;
			buildActionMask = 2147483647;
			files = (
				4FFE75982B444B350098FF00 /* ForestFlowUITests.swift in Sources */,
				4FFE759A2B444B350098FF00 /* ForestFlowUITestsLaunchTests.swift in Sources */,
			);
			runOnlyForDeploymentPostprocessing = 0;
		};
/* End PBXSourcesBuildPhase section */

/* Begin PBXTargetDependency section */
		4FFE758B2B444B350098FF00 /* PBXTargetDependency */ = {
			isa = PBXTargetDependency;
			target = 4FFE75772B444B340098FF00 /* ForestFlow */;
			targetProxy = 4FFE758A2B444B350098FF00 /* PBXContainerItemProxy */;
		};
		4FFE75952B444B350098FF00 /* PBXTargetDependency */ = {
			isa = PBXTargetDependency;
			target = 4FFE75772B444B340098FF00 /* ForestFlow */;
			targetProxy = 4FFE75942B444B350098FF00 /* PBXContainerItemProxy */;
		};
/* End PBXTargetDependency section */

/* Begin XCBuildConfiguration section */
		4FFE759B2B444B350098FF00 /* Debug */ = {
			isa = XCBuildConfiguration;
			buildSettings = {
				ALWAYS_SEARCH_USER_PATHS = NO;
				ASSETCATALOG_COMPILER_GENERATE_SWIFT_ASSET_SYMBOL_EXTENSIONS = YES;
				CLANG_ANALYZER_NONNULL = YES;
				CLANG_ANALYZER_NUMBER_OBJECT_CONVERSION = YES_AGGRESSIVE;
				CLANG_CXX_LANGUAGE_STANDARD = "gnu++20";
				CLANG_ENABLE_MODULES = YES;
				CLANG_ENABLE_OBJC_ARC = YES;
				CLANG_ENABLE_OBJC_WEAK = YES;
				CLANG_WARN_BLOCK_CAPTURE_AUTORELEASING = YES;
				CLANG_WARN_BOOL_CONVERSION = YES;
				CLANG_WARN_COMMA = YES;
				CLANG_WARN_CONSTANT_CONVERSION = YES;
				CLANG_WARN_DEPRECATED_OBJC_IMPLEMENTATIONS = YES;
				CLANG_WARN_DIRECT_OBJC_ISA_USAGE = YES_ERROR;
				CLANG_WARN_DOCUMENTATION_COMMENTS = YES;
				CLANG_WARN_EMPTY_BODY = YES;
				CLANG_WARN_ENUM_CONVERSION = YES;
				CLANG_WARN_INFINITE_RECURSION = YES;
				CLANG_WARN_INT_CONVERSION = YES;
				CLANG_WARN_NON_LITERAL_NULL_CONVERSION = YES;
				CLANG_WARN_OBJC_IMPLICIT_RETAIN_SELF = YES;
				CLANG_WARN_OBJC_LITERAL_CONVERSION = YES;
				CLANG_WARN_OBJC_ROOT_CLASS = YES_ERROR;
				CLANG_WARN_QUOTED_INCLUDE_IN_FRAMEWORK_HEADER = YES;
				CLANG_WARN_RANGE_LOOP_ANALYSIS = YES;
				CLANG_WARN_STRICT_PROTOTYPES = YES;
				CLANG_WARN_SUSPICIOUS_MOVE = YES;
				CLANG_WARN_UNGUARDED_AVAILABILITY = YES_AGGRESSIVE;
				CLANG_WARN_UNREACHABLE_CODE = YES;
				CLANG_WARN__DUPLICATE_METHOD_MATCH = YES;
				COPY_PHASE_STRIP = NO;
				DEBUG_INFORMATION_FORMAT = dwarf;
				ENABLE_STRICT_OBJC_MSGSEND = YES;
				ENABLE_TESTABILITY = YES;
				ENABLE_USER_SCRIPT_SANDBOXING = YES;
				GCC_C_LANGUAGE_STANDARD = gnu17;
				GCC_DYNAMIC_NO_PIC = NO;
				GCC_NO_COMMON_BLOCKS = YES;
				GCC_OPTIMIZATION_LEVEL = 0;
				GCC_PREPROCESSOR_DEFINITIONS = (
					"DEBUG=1",
					"$(inherited)",
				);
				GCC_WARN_64_TO_32_BIT_CONVERSION = YES;
				GCC_WARN_ABOUT_RETURN_TYPE = YES_ERROR;
				GCC_WARN_UNDECLARED_SELECTOR = YES;
				GCC_WARN_UNINITIALIZED_AUTOS = YES_AGGRESSIVE;
				GCC_WARN_UNUSED_FUNCTION = YES;
				GCC_WARN_UNUSED_VARIABLE = YES;
				LOCALIZATION_PREFERS_STRING_CATALOGS = YES;
				MTL_ENABLE_DEBUG_INFO = INCLUDE_SOURCE;
				MTL_FAST_MATH = YES;
				ONLY_ACTIVE_ARCH = YES;
				SWIFT_ACTIVE_COMPILATION_CONDITIONS = "DEBUG $(inherited)";
				SWIFT_OPTIMIZATION_LEVEL = "-Onone";
			};
			name = Debug;
		};
		4FFE759C2B444B350098FF00 /* Release */ = {
			isa = XCBuildConfiguration;
			buildSettings = {
				ALWAYS_SEARCH_USER_PATHS = NO;
				ASSETCATALOG_COMPILER_GENERATE_SWIFT_ASSET_SYMBOL_EXTENSIONS = YES;
				CLANG_ANALYZER_NONNULL = YES;
				CLANG_ANALYZER_NUMBER_OBJECT_CONVERSION = YES_AGGRESSIVE;
				CLANG_CXX_LANGUAGE_STANDARD = "gnu++20";
				CLANG_ENABLE_MODULES = YES;
				CLANG_ENABLE_OBJC_ARC = YES;
				CLANG_ENABLE_OBJC_WEAK = YES;
				CLANG_WARN_BLOCK_CAPTURE_AUTORELEASING = YES;
				CLANG_WARN_BOOL_CONVERSION = YES;
				CLANG_WARN_COMMA = YES;
				CLANG_WARN_CONSTANT_CONVERSION = YES;
				CLANG_WARN_DEPRECATED_OBJC_IMPLEMENTATIONS = YES;
				CLANG_WARN_DIRECT_OBJC_ISA_USAGE = YES_ERROR;
				CLANG_WARN_DOCUMENTATION_COMMENTS = YES;
				CLANG_WARN_EMPTY_BODY = YES;
				CLANG_WARN_ENUM_CONVERSION = YES;
				CLANG_WARN_INFINITE_RECURSION = YES;
				CLANG_WARN_INT_CONVERSION = YES;
				CLANG_WARN_NON_LITERAL_NULL_CONVERSION = YES;
				CLANG_WARN_OBJC_IMPLICIT_RETAIN_SELF = YES;
				CLANG_WARN_OBJC_LITERAL_CONVERSION = YES;
				CLANG_WARN_OBJC_ROOT_CLASS = YES_ERROR;
				CLANG_WARN_QUOTED_INCLUDE_IN_FRAMEWORK_HEADER = YES;
				CLANG_WARN_RANGE_LOOP_ANALYSIS = YES;
				CLANG_WARN_STRICT_PROTOTYPES = YES;
				CLANG_WARN_SUSPICIOUS_MOVE = YES;
				CLANG_WARN_UNGUARDED_AVAILABILITY = YES_AGGRESSIVE;
				CLANG_WARN_UNREACHABLE_CODE = YES;
				CLANG_WARN__DUPLICATE_METHOD_MATCH = YES;
				COPY_PHASE_STRIP = NO;
				DEBUG_INFORMATION_FORMAT = "dwarf-with-dsym";
				ENABLE_NS_ASSERTIONS = NO;
				ENABLE_STRICT_OBJC_MSGSEND = YES;
				ENABLE_USER_SCRIPT_SANDBOXING = YES;
				GCC_C_LANGUAGE_STANDARD = gnu17;
				GCC_NO_COMMON_BLOCKS = YES;
				GCC_WARN_64_TO_32_BIT_CONVERSION = YES;
				GCC_WARN_ABOUT_RETURN_TYPE = YES_ERROR;
				GCC_WARN_UNDECLARED_SELECTOR = YES;
				GCC_WARN_UNINITIALIZED_AUTOS = YES_AGGRESSIVE;
				GCC_WARN_UNUSED_FUNCTION = YES;
				GCC_WARN_UNUSED_VARIABLE = YES;
				LOCALIZATION_PREFERS_STRING_CATALOGS = YES;
				MTL_ENABLE_DEBUG_INFO = NO;
				MTL_FAST_MATH = YES;
				SWIFT_COMPILATION_MODE = wholemodule;
			};
			name = Release;
		};
		4FFE759E2B444B350098FF00 /* Debug */ = {
			isa = XCBuildConfiguration;
			buildSettings = {
				ASSETCATALOG_COMPILER_APPICON_NAME = AppIcon;
				ASSETCATALOG_COMPILER_GLOBAL_ACCENT_COLOR_NAME = AccentColor;
				CODE_SIGN_ENTITLEMENTS = ForestFlow/ForestFlow.entitlements;
				CODE_SIGN_STYLE = Automatic;
				CURRENT_PROJECT_VERSION = 1;
				DEVELOPMENT_ASSET_PATHS = "\"ForestFlow/Preview Content\"";
				DEVELOPMENT_TEAM = PSU9VZHG7L;
				ENABLE_HARDENED_RUNTIME = YES;
				ENABLE_PREVIEWS = YES;
				GENERATE_INFOPLIST_FILE = YES;
				"INFOPLIST_KEY_UIApplicationSceneManifest_Generation[sdk=iphoneos*]" = YES;
				"INFOPLIST_KEY_UIApplicationSceneManifest_Generation[sdk=iphonesimulator*]" = YES;
				"INFOPLIST_KEY_UIApplicationSupportsIndirectInputEvents[sdk=iphoneos*]" = YES;
				"INFOPLIST_KEY_UIApplicationSupportsIndirectInputEvents[sdk=iphonesimulator*]" = YES;
				"INFOPLIST_KEY_UILaunchScreen_Generation[sdk=iphoneos*]" = YES;
				"INFOPLIST_KEY_UILaunchScreen_Generation[sdk=iphonesimulator*]" = YES;
				"INFOPLIST_KEY_UIStatusBarStyle[sdk=iphoneos*]" = UIStatusBarStyleDefault;
				"INFOPLIST_KEY_UIStatusBarStyle[sdk=iphonesimulator*]" = UIStatusBarStyleDefault;
				INFOPLIST_KEY_UISupportedInterfaceOrientations_iPad = "UIInterfaceOrientationPortrait UIInterfaceOrientationPortraitUpsideDown UIInterfaceOrientationLandscapeLeft UIInterfaceOrientationLandscapeRight";
				INFOPLIST_KEY_UISupportedInterfaceOrientations_iPhone = "UIInterfaceOrientationPortrait UIInterfaceOrientationLandscapeLeft UIInterfaceOrientationLandscapeRight";
				IPHONEOS_DEPLOYMENT_TARGET = 17.0;
				LD_RUNPATH_SEARCH_PATHS = "@executable_path/Frameworks";
				"LD_RUNPATH_SEARCH_PATHS[sdk=macosx*]" = "@executable_path/../Frameworks";
				MACOSX_DEPLOYMENT_TARGET = 14.0;
				MARKETING_VERSION = 1.0;
				PRODUCT_BUNDLE_IDENTIFIER = io.zwicker.ForestFlow;
				PRODUCT_NAME = "$(TARGET_NAME)";
				SDKROOT = auto;
				SUPPORTED_PLATFORMS = "iphoneos iphonesimulator macosx";
				SWIFT_EMIT_LOC_STRINGS = YES;
				SWIFT_VERSION = 5.0;
				TARGETED_DEVICE_FAMILY = "1,2";
			};
			name = Debug;
		};
		4FFE759F2B444B350098FF00 /* Release */ = {
			isa = XCBuildConfiguration;
			buildSettings = {
				ASSETCATALOG_COMPILER_APPICON_NAME = AppIcon;
				ASSETCATALOG_COMPILER_GLOBAL_ACCENT_COLOR_NAME = AccentColor;
				CODE_SIGN_ENTITLEMENTS = ForestFlow/ForestFlow.entitlements;
				CODE_SIGN_STYLE = Automatic;
				CURRENT_PROJECT_VERSION = 1;
				DEVELOPMENT_ASSET_PATHS = "\"ForestFlow/Preview Content\"";
				DEVELOPMENT_TEAM = PSU9VZHG7L;
				ENABLE_HARDENED_RUNTIME = YES;
				ENABLE_PREVIEWS = YES;
				GENERATE_INFOPLIST_FILE = YES;
				"INFOPLIST_KEY_UIApplicationSceneManifest_Generation[sdk=iphoneos*]" = YES;
				"INFOPLIST_KEY_UIApplicationSceneManifest_Generation[sdk=iphonesimulator*]" = YES;
				"INFOPLIST_KEY_UIApplicationSupportsIndirectInputEvents[sdk=iphoneos*]" = YES;
				"INFOPLIST_KEY_UIApplicationSupportsIndirectInputEvents[sdk=iphonesimulator*]" = YES;
				"INFOPLIST_KEY_UILaunchScreen_Generation[sdk=iphoneos*]" = YES;
				"INFOPLIST_KEY_UILaunchScreen_Generation[sdk=iphonesimulator*]" = YES;
				"INFOPLIST_KEY_UIStatusBarStyle[sdk=iphoneos*]" = UIStatusBarStyleDefault;
				"INFOPLIST_KEY_UIStatusBarStyle[sdk=iphonesimulator*]" = UIStatusBarStyleDefault;
				INFOPLIST_KEY_UISupportedInterfaceOrientations_iPad = "UIInterfaceOrientationPortrait UIInterfaceOrientationPortraitUpsideDown UIInterfaceOrientationLandscapeLeft UIInterfaceOrientationLandscapeRight";
				INFOPLIST_KEY_UISupportedInterfaceOrientations_iPhone = "UIInterfaceOrientationPortrait UIInterfaceOrientationLandscapeLeft UIInterfaceOrientationLandscapeRight";
				IPHONEOS_DEPLOYMENT_TARGET = 17.0;
				LD_RUNPATH_SEARCH_PATHS = "@executable_path/Frameworks";
				"LD_RUNPATH_SEARCH_PATHS[sdk=macosx*]" = "@executable_path/../Frameworks";
				MACOSX_DEPLOYMENT_TARGET = 14.0;
				MARKETING_VERSION = 1.0;
				PRODUCT_BUNDLE_IDENTIFIER = io.zwicker.ForestFlow;
				PRODUCT_NAME = "$(TARGET_NAME)";
				SDKROOT = auto;
				SUPPORTED_PLATFORMS = "iphoneos iphonesimulator macosx";
				SWIFT_EMIT_LOC_STRINGS = YES;
				SWIFT_VERSION = 5.0;
				TARGETED_DEVICE_FAMILY = "1,2";
			};
			name = Release;
		};
		4FFE75A12B444B350098FF00 /* Debug */ = {
			isa = XCBuildConfiguration;
			buildSettings = {
				ALWAYS_EMBED_SWIFT_STANDARD_LIBRARIES = YES;
				BUNDLE_LOADER = "$(TEST_HOST)";
				CODE_SIGN_STYLE = Automatic;
				CURRENT_PROJECT_VERSION = 1;
				DEVELOPMENT_TEAM = PSU9VZHG7L;
				GENERATE_INFOPLIST_FILE = YES;
				IPHONEOS_DEPLOYMENT_TARGET = 17.0;
				MACOSX_DEPLOYMENT_TARGET = 14.0;
				MARKETING_VERSION = 1.0;
				PRODUCT_BUNDLE_IDENTIFIER = io.zwicker.ForestFlowTests;
				PRODUCT_NAME = "$(TARGET_NAME)";
				SDKROOT = auto;
				SUPPORTED_PLATFORMS = "iphoneos iphonesimulator macosx";
				SWIFT_EMIT_LOC_STRINGS = NO;
				SWIFT_VERSION = 5.0;
				TARGETED_DEVICE_FAMILY = "1,2";
				TEST_HOST = "$(BUILT_PRODUCTS_DIR)/ForestFlow.app/$(BUNDLE_EXECUTABLE_FOLDER_PATH)/ForestFlow";
			};
			name = Debug;
		};
		4FFE75A22B444B350098FF00 /* Release */ = {
			isa = XCBuildConfiguration;
			buildSettings = {
				ALWAYS_EMBED_SWIFT_STANDARD_LIBRARIES = YES;
				BUNDLE_LOADER = "$(TEST_HOST)";
				CODE_SIGN_STYLE = Automatic;
				CURRENT_PROJECT_VERSION = 1;
				DEVELOPMENT_TEAM = PSU9VZHG7L;
				GENERATE_INFOPLIST_FILE = YES;
				IPHONEOS_DEPLOYMENT_TARGET = 17.0;
				MACOSX_DEPLOYMENT_TARGET = 14.0;
				MARKETING_VERSION = 1.0;
				PRODUCT_BUNDLE_IDENTIFIER = io.zwicker.ForestFlowTests;
				PRODUCT_NAME = "$(TARGET_NAME)";
				SDKROOT = auto;
				SUPPORTED_PLATFORMS = "iphoneos iphonesimulator macosx";
				SWIFT_EMIT_LOC_STRINGS = NO;
				SWIFT_VERSION = 5.0;
				TARGETED_DEVICE_FAMILY = "1,2";
				TEST_HOST = "$(BUILT_PRODUCTS_DIR)/ForestFlow.app/$(BUNDLE_EXECUTABLE_FOLDER_PATH)/ForestFlow";
			};
			name = Release;
		};
		4FFE75A42B444B350098FF00 /* Debug */ = {
			isa = XCBuildConfiguration;
			buildSettings = {
				ALWAYS_EMBED_SWIFT_STANDARD_LIBRARIES = YES;
				CODE_SIGN_STYLE = Automatic;
				CURRENT_PROJECT_VERSION = 1;
				DEVELOPMENT_TEAM = PSU9VZHG7L;
				GENERATE_INFOPLIST_FILE = YES;
				IPHONEOS_DEPLOYMENT_TARGET = 17.0;
				MACOSX_DEPLOYMENT_TARGET = 14.0;
				MARKETING_VERSION = 1.0;
				PRODUCT_BUNDLE_IDENTIFIER = io.zwicker.ForestFlowUITests;
				PRODUCT_NAME = "$(TARGET_NAME)";
				SDKROOT = auto;
				SUPPORTED_PLATFORMS = "iphoneos iphonesimulator macosx";
				SWIFT_EMIT_LOC_STRINGS = NO;
				SWIFT_VERSION = 5.0;
				TARGETED_DEVICE_FAMILY = "1,2";
				TEST_TARGET_NAME = ForestFlow;
			};
			name = Debug;
		};
		4FFE75A52B444B350098FF00 /* Release */ = {
			isa = XCBuildConfiguration;
			buildSettings = {
				ALWAYS_EMBED_SWIFT_STANDARD_LIBRARIES = YES;
				CODE_SIGN_STYLE = Automatic;
				CURRENT_PROJECT_VERSION = 1;
				DEVELOPMENT_TEAM = PSU9VZHG7L;
				GENERATE_INFOPLIST_FILE = YES;
				IPHONEOS_DEPLOYMENT_TARGET = 17.0;
				MACOSX_DEPLOYMENT_TARGET = 14.0;
				MARKETING_VERSION = 1.0;
				PRODUCT_BUNDLE_IDENTIFIER = io.zwicker.ForestFlowUITests;
				PRODUCT_NAME = "$(TARGET_NAME)";
				SDKROOT = auto;
				SUPPORTED_PLATFORMS = "iphoneos iphonesimulator macosx";
				SWIFT_EMIT_LOC_STRINGS = NO;
				SWIFT_VERSION = 5.0;
				TARGETED_DEVICE_FAMILY = "1,2";
				TEST_TARGET_NAME = ForestFlow;
			};
			name = Release;
		};
/* End XCBuildConfiguration section */

/* Begin XCConfigurationList section */
		4FFE75732B444B340098FF00 /* Build configuration list for PBXProject "ForestFlow" */ = {
			isa = XCConfigurationList;
			buildConfigurations = (
				4FFE759B2B444B350098FF00 /* Debug */,
				4FFE759C2B444B350098FF00 /* Release */,
			);
			defaultConfigurationIsVisible = 0;
			defaultConfigurationName = Release;
		};
		4FFE759D2B444B350098FF00 /* Build configuration list for PBXNativeTarget "ForestFlow" */ = {
			isa = XCConfigurationList;
			buildConfigurations = (
				4FFE759E2B444B350098FF00 /* Debug */,
				4FFE759F2B444B350098FF00 /* Release */,
			);
			defaultConfigurationIsVisible = 0;
			defaultConfigurationName = Release;
		};
		4FFE75A02B444B350098FF00 /* Build configuration list for PBXNativeTarget "ForestFlowTests" */ = {
			isa = XCConfigurationList;
			buildConfigurations = (
				4FFE75A12B444B350098FF00 /* Debug */,
				4FFE75A22B444B350098FF00 /* Release */,
			);
			defaultConfigurationIsVisible = 0;
			defaultConfigurationName = Release;
		};
		4FFE75A32B444B350098FF00 /* Build configuration list for PBXNativeTarget "ForestFlowUITests" */ = {
			isa = XCConfigurationList;
			buildConfigurations = (
				4FFE75A42B444B350098FF00 /* Debug */,
				4FFE75A52B444B350098FF00 /* Release */,
			);
			defaultConfigurationIsVisible = 0;
			defaultConfigurationName = Release;
		};
/* End XCConfigurationList section */
	};
	rootObject = 4FFE75702B444B340098FF00 /* Project object */;
}
